
Microsoft Visual Studio Solution File, Format Version 12.00
# Visual Studio Version 17
VisualStudioVersion = 17.13.35931.197 d17.13
MinimumVisualStudioVersion = 10.0.40219.1
Project("{FAE04EC0-301F-11D3-BF4B-00C04F79EFBC}") = "A remarkable number", "A remarkable number\A remarkable number.csproj", "{4E077CE8-F2B6-443C-B77F-E869AFCE0F60}"
EndProject
Global
	GlobalSection(SolutionConfigurationPlatforms) = preSolution
		Debug|Any CPU = Debug|Any CPU
		Release|Any CPU = Release|Any CPU
	EndGlobalSection
	GlobalSection(ProjectConfigurationPlatforms) = postSolution
		{4E077CE8-F2B6-443C-B77F-E869AFCE0F60}.Debug|Any CPU.ActiveCfg = Debug|Any CPU
		{4E077CE8-F2B6-443C-B77F-E869AFCE0F60}.Debug|Any CPU.Build.0 = Debug|Any CPU
		{4E077CE8-F2B6-443C-B77F-E869AFCE0F60}.Release|Any CPU.ActiveCfg = Release|Any CPU
		{4E077CE8-F2B6-443C-B77F-E869AFCE0F60}.Release|Any CPU.Build.0 = Release|Any CPU
	EndGlobalSection
	GlobalSection(SolutionProperties) = preSolution
		HideSolutionNode = FALSE
	EndGlobalSection
	GlobalSection(ExtensibilityGlobals) = postSolution
		SolutionGuid = {2EC4ECF1-9CE4-4B03-8283-E818927E452F}
	EndGlobalSection
EndGlobal
