
Microsoft Visual Studio Solution File, Format Version 12.00
# Visual Studio Version 17
VisualStudioVersion = 17.13.35931.197 d17.13
MinimumVisualStudioVersion = 10.0.40219.1
Project("{FAE04EC0-301F-11D3-BF4B-00C04F79EFBC}") = "Mysterious Thermometer", "Mysterious Thermometer\Mysterious Thermometer.csproj", "{76244725-82EB-42B8-ABAC-EB80849AF230}"
EndProject
Global
	GlobalSection(SolutionConfigurationPlatforms) = preSolution
		Debug|Any CPU = Debug|Any CPU
		Release|Any CPU = Release|Any CPU
	EndGlobalSection
	GlobalSection(ProjectConfigurationPlatforms) = postSolution
		{76244725-82EB-42B8-ABAC-EB80849AF230}.Debug|Any CPU.ActiveCfg = Debug|Any CPU
		{76244725-82EB-42B8-ABAC-EB80849AF230}.Debug|Any CPU.Build.0 = Debug|Any CPU
		{76244725-82EB-42B8-ABAC-EB80849AF230}.Release|Any CPU.ActiveCfg = Release|Any CPU
		{76244725-82EB-42B8-ABAC-EB80849AF230}.Release|Any CPU.Build.0 = Release|Any CPU
	EndGlobalSection
	GlobalSection(SolutionProperties) = preSolution
		HideSolutionNode = FALSE
	EndGlobalSection
	GlobalSection(ExtensibilityGlobals) = postSolution
		SolutionGuid = {1E813F70-E71A-4103-9D6D-F32796568A47}
	EndGlobalSection
EndGlobal
