
Microsoft Visual Studio Solution File, Format Version 12.00
# Visual Studio Version 17
VisualStudioVersion = 17.13.35931.197 d17.13
MinimumVisualStudioVersion = 10.0.40219.1
Project("{FAE04EC0-301F-11D3-BF4B-00C04F79EFBC}") = "Delete 5 and 7", "Delete 5 and 7\Delete 5 and 7.csproj", "{2EB5673E-8DD5-42A9-B5AB-77686EFA02E1}"
EndProject
Global
	GlobalSection(SolutionConfigurationPlatforms) = preSolution
		Debug|Any CPU = Debug|Any CPU
		Release|Any CPU = Release|Any CPU
	EndGlobalSection
	GlobalSection(ProjectConfigurationPlatforms) = postSolution
		{2EB5673E-8DD5-42A9-B5AB-77686EFA02E1}.Debug|Any CPU.ActiveCfg = Debug|Any CPU
		{2EB5673E-8DD5-42A9-B5AB-77686EFA02E1}.Debug|Any CPU.Build.0 = Debug|Any CPU
		{2EB5673E-8DD5-42A9-B5AB-77686EFA02E1}.Release|Any CPU.ActiveCfg = Release|Any CPU
		{2EB5673E-8DD5-42A9-B5AB-77686EFA02E1}.Release|Any CPU.Build.0 = Release|Any CPU
	EndGlobalSection
	GlobalSection(SolutionProperties) = preSolution
		HideSolutionNode = FALSE
	EndGlobalSection
	GlobalSection(ExtensibilityGlobals) = postSolution
		SolutionGuid = {C26B3BA8-4AA8-4F79-A83C-6E598DC7EECA}
	EndGlobalSection
EndGlobal
