
Microsoft Visual Studio Solution File, Format Version 12.00
# Visual Studio Version 17
VisualStudioVersion = 17.13.35931.197 d17.13
MinimumVisualStudioVersion = 10.0.40219.1
Project("{FAE04EC0-301F-11D3-BF4B-00C04F79EFBC}") = "Is Palindrome", "Is Palindrome\Is Palindrome.csproj", "{FC453793-27CE-4DF8-932F-9677EE780554}"
EndProject
Global
	GlobalSection(SolutionConfigurationPlatforms) = preSolution
		Debug|Any CPU = Debug|Any CPU
		Release|Any CPU = Release|Any CPU
	EndGlobalSection
	GlobalSection(ProjectConfigurationPlatforms) = postSolution
		{FC453793-27CE-4DF8-932F-9677EE780554}.Debug|Any CPU.ActiveCfg = Debug|Any CPU
		{FC453793-27CE-4DF8-932F-9677EE780554}.Debug|Any CPU.Build.0 = Debug|Any CPU
		{FC453793-27CE-4DF8-932F-9677EE780554}.Release|Any CPU.ActiveCfg = Release|Any CPU
		{FC453793-27CE-4DF8-932F-9677EE780554}.Release|Any CPU.Build.0 = Release|Any CPU
	EndGlobalSection
	GlobalSection(SolutionProperties) = preSolution
		HideSolutionNode = FALSE
	EndGlobalSection
	GlobalSection(ExtensibilityGlobals) = postSolution
		SolutionGuid = {08AEE669-7134-4FAB-9A8F-6566DA33273D}
	EndGlobalSection
EndGlobal
