
Microsoft Visual Studio Solution File, Format Version 12.00
# Visual Studio Version 17
VisualStudioVersion = 17.13.35931.197 d17.13
MinimumVisualStudioVersion = 10.0.40219.1
Project("{FAE04EC0-301F-11D3-BF4B-00C04F79EFBC}") = "Number of digits 7", "Number of digits 7\Number of digits 7.csproj", "{A7235CC0-DC49-4A29-B89E-EC3B4DBB4BC9}"
EndProject
Global
	GlobalSection(SolutionConfigurationPlatforms) = preSolution
		Debug|Any CPU = Debug|Any CPU
		Release|Any CPU = Release|Any CPU
	EndGlobalSection
	GlobalSection(ProjectConfigurationPlatforms) = postSolution
		{A7235CC0-DC49-4A29-B89E-EC3B4DBB4BC9}.Debug|Any CPU.ActiveCfg = Debug|Any CPU
		{A7235CC0-DC49-4A29-B89E-EC3B4DBB4BC9}.Debug|Any CPU.Build.0 = Debug|Any CPU
		{A7235CC0-DC49-4A29-B89E-EC3B4DBB4BC9}.Release|Any CPU.ActiveCfg = Release|Any CPU
		{A7235CC0-DC49-4A29-B89E-EC3B4DBB4BC9}.Release|Any CPU.Build.0 = Release|Any CPU
	EndGlobalSection
	GlobalSection(SolutionProperties) = preSolution
		HideSolutionNode = FALSE
	EndGlobalSection
	GlobalSection(ExtensibilityGlobals) = postSolution
		SolutionGuid = {F17295C5-6448-44AC-BCB7-E32C33404F6A}
	EndGlobalSection
EndGlobal
