
Microsoft Visual Studio Solution File, Format Version 12.00
# Visual Studio Version 17
VisualStudioVersion = 17.13.35931.197 d17.13
MinimumVisualStudioVersion = 10.0.40219.1
Project("{FAE04EC0-301F-11D3-BF4B-00C04F79EFBC}") = "Reverse of the number", "Reverse of the number\Reverse of the number.csproj", "{6FF7D6B6-314E-4D1E-AF2C-D9BA9F8DA584}"
EndProject
Global
	GlobalSection(SolutionConfigurationPlatforms) = preSolution
		Debug|Any CPU = Debug|Any CPU
		Release|Any CPU = Release|Any CPU
	EndGlobalSection
	GlobalSection(ProjectConfigurationPlatforms) = postSolution
		{6FF7D6B6-314E-4D1E-AF2C-D9BA9F8DA584}.Debug|Any CPU.ActiveCfg = Debug|Any CPU
		{6FF7D6B6-314E-4D1E-AF2C-D9BA9F8DA584}.Debug|Any CPU.Build.0 = Debug|Any CPU
		{6FF7D6B6-314E-4D1E-AF2C-D9BA9F8DA584}.Release|Any CPU.ActiveCfg = Release|Any CPU
		{6FF7D6B6-314E-4D1E-AF2C-D9BA9F8DA584}.Release|Any CPU.Build.0 = Release|Any CPU
	EndGlobalSection
	GlobalSection(SolutionProperties) = preSolution
		HideSolutionNode = FALSE
	EndGlobalSection
	GlobalSection(ExtensibilityGlobals) = postSolution
		SolutionGuid = {7FDB2CE2-0C6C-4096-9833-154B13B4753D}
	EndGlobalSection
EndGlobal
